Microsoft Visual Studio Solution File, Format Version 12.00
# Visual Studio Version 17
VisualStudioVersion = 17.5.2.0
MinimumVisualStudioVersion = 10.0.40219.1
Project("{2150E333-8FDC-42A3-9474-1A3956D46DE8}") = "01-Develop Azure compute solutions", "01-Develop Azure compute solutions", "{AD7B4BE3-D79C-B336-DF62-E57CCF8351A9}"
EndProject
Project("{2150E333-8FDC-42A3-9474-1A3956D46DE8}") = "03-Azure Container Registry", "03-Azure Container Registry", "{22BBE00C-64EC-6459-B42B-D13B61B5AC77}"
EndProject
Project("{FAE04EC0-301F-11D3-BF4B-00C04F79EFBC}") = "13-ACR_Library-Demo", "01-Develop Azure compute solutions\03-Azure Container Registry\13-ACR_Library-Demo\13-ACR_Library-Demo.csproj", "{AEBB2487-C520-0816-8DE3-A6BC87E19BB7}"
EndProject
Global
	GlobalSection(SolutionConfigurationPlatforms) = preSolution
		Debug|Any CPU = Debug|Any CPU
		Release|Any CPU = Release|Any CPU
	EndGlobalSection
	GlobalSection(ProjectConfigurationPlatforms) = postSolution
		{AEBB2487-C520-0816-8DE3-A6BC87E19BB7}.Debug|Any CPU.ActiveCfg = Debug|Any CPU
		{AEBB2487-C520-0816-8DE3-A6BC87E19BB7}.Debug|Any CPU.Build.0 = Debug|Any CPU
		{AEBB2487-C520-0816-8DE3-A6BC87E19BB7}.Release|Any CPU.ActiveCfg = Release|Any CPU
		{AEBB2487-C520-0816-8DE3-A6BC87E19BB7}.Release|Any CPU.Build.0 = Release|Any CPU
	EndGlobalSection
	GlobalSection(SolutionProperties) = preSolution
		HideSolutionNode = FALSE
	EndGlobalSection
	GlobalSection(NestedProjects) = preSolution
		{22BBE00C-64EC-6459-B42B-D13B61B5AC77} = {AD7B4BE3-D79C-B336-DF62-E57CCF8351A9}
		{AEBB2487-C520-0816-8DE3-A6BC87E19BB7} = {22BBE00C-64EC-6459-B42B-D13B61B5AC77}
	EndGlobalSection
	GlobalSection(ExtensibilityGlobals) = postSolution
		SolutionGuid = {BCDBA822-FDE4-43A8-81B3-9BE4BAD7D158}
	EndGlobalSection
EndGlobal
